// !$*UTF8*$!
{
	archiveVersion = 1;
	classes = {
	};
	objectVersion = 46;
	objects = {

/* Begin PBXBuildFile section */
		636A4F8315DB3ED00009B138 /* Constants.m in Sources */ = {isa = PBXBuildFile; fileRef = 636A4F8215DB3ED00009B138 /* Constants.m */; };
		639A66AE15D334B500F1C9AC /* UIKit.framework in Frameworks */ = {isa = PBXBuildFile; fileRef = 639A66AD15D334B500F1C9AC /* UIKit.framework */; };
		639A66B015D334B500F1C9AC /* Foundation.framework in Frameworks */ = {isa = PBXBuildFile; fileRef = 639A66AF15D334B500F1C9AC /* Foundation.framework */; };
		639A66B215D334B500F1C9AC /* CoreGraphics.framework in Frameworks */ = {isa = PBXBuildFile; fileRef = 639A66B115D334B500F1C9AC /* CoreGraphics.framework */; };
		639A66B815D334B500F1C9AC /* InfoPlist.strings in Resources */ = {isa = PBXBuildFile; fileRef = 639A66B615D334B500F1C9AC /* InfoPlist.strings */; };
		639A66BA15D334B500F1C9AC /* main.m in Sources */ = {isa = PBXBuildFile; fileRef = 639A66B915D334B500F1C9AC /* main.m */; };
		639A66BE15D334B500F1C9AC /* RAppDelegate.m in Sources */ = {isa = PBXBuildFile; fileRef = 639A66BD15D334B500F1C9AC /* RAppDelegate.m */; };
		639A66C115D334B500F1C9AC /* MainStoryboard.storyboard in Resources */ = {isa = PBXBuildFile; fileRef = 639A66BF15D334B500F1C9AC /* MainStoryboard.storyboard */; };
		639A66C415D334B500F1C9AC /* RViewController.m in Sources */ = {isa = PBXBuildFile; fileRef = 639A66C315D334B500F1C9AC /* RViewController.m */; };
		63BEE1CE15D37F7E008AAF7C /* TrainData.m in Sources */ = {isa = PBXBuildFile; fileRef = 63BEE1CD15D37F7E008AAF7C /* TrainData.m */; };
		63BEE1FA15D45784008AAF7C /* InfoPlist.strings in Resources */ = {isa = PBXBuildFile; fileRef = 63BEE1F515D45784008AAF7C /* InfoPlist.strings */; };
		63BEE1FB15D45784008AAF7C /* MainStoryboard.storyboard in Resources */ = {isa = PBXBuildFile; fileRef = 63BEE1F715D45784008AAF7C /* MainStoryboard.storyboard */; };
		63BEE1FD15D45791008AAF7C /* ScheduleManager.m in Sources */ = {isa = PBXBuildFile; fileRef = 63BEE1FC15D45791008AAF7C /* ScheduleManager.m */; };
		63BEE20215D4BF11008AAF7C /* SystemManager.m in Sources */ = {isa = PBXBuildFile; fileRef = 63BEE20115D4BF11008AAF7C /* SystemManager.m */; };
		63EEB8B215DCC222008EC548 /* Default.png in Resources */ = {isa = PBXBuildFile; fileRef = 63EEB8B015DCC222008EC548 /* Default.png */; };
		63EEB8B315DCC222008EC548 /* Default@2x.png in Resources */ = {isa = PBXBuildFile; fileRef = 63EEB8B115DCC222008EC548 /* Default@2x.png */; };
/* End PBXBuildFile section */

/* Begin PBXFileReference section */
		636A4F8115DB3ED00009B138 /* Constants.h */ = {isa = PBXFileReference; fileEncoding = 4; lastKnownFileType = sourcecode.c.h; path = Constants.h; sourceTree = "<group>"; };
		636A4F8215DB3ED00009B138 /* Constants.m */ = {isa = PBXFileReference; fileEncoding = 4; lastKnownFileType = sourcecode.c.objc; path = Constants.m; sourceTree = "<group>"; };
		639A66A915D334B500F1C9AC /* Railtime.app */ = {isa = PBXFileReference; explicitFileType = wrapper.application; includeInIndex = 0; path = Railtime.app; sourceTree = BUILT_PRODUCTS_DIR; };
		639A66AD15D334B500F1C9AC /* UIKit.framework */ = {isa = PBXFileReference; lastKnownFileType = wrapper.framework; name = UIKit.framework; path = System/Library/Frameworks/UIKit.framework; sourceTree = SDKROOT; };
		639A66AF15D334B500F1C9AC /* Foundation.framework */ = {isa = PBXFileReference; lastKnownFileType = wrapper.framework; name = Foundation.framework; path = System/Library/Frameworks/Foundation.framework; sourceTree = SDKROOT; };
		639A66B115D334B500F1C9AC /* CoreGraphics.framework */ = {isa = PBXFileReference; lastKnownFileType = wrapper.framework; name = CoreGraphics.framework; path = System/Library/Frameworks/CoreGraphics.framework; sourceTree = SDKROOT; };
		639A66B515D334B500F1C9AC /* Railtime-Info.plist */ = {isa = PBXFileReference; lastKnownFileType = text.plist.xml; path = "Railtime-Info.plist"; sourceTree = "<group>"; };
		639A66B715D334B500F1C9AC /* en */ = {isa = PBXFileReference; lastKnownFileType = text.plist.strings; name = en; path = en.lproj/InfoPlist.strings; sourceTree = "<group>"; };
		639A66B915D334B500F1C9AC /* main.m */ = {isa = PBXFileReference; lastKnownFileType = sourcecode.c.objc; path = main.m; sourceTree = "<group>"; };
		639A66BB15D334B500F1C9AC /* Railtime-Prefix.pch */ = {isa = PBXFileReference; lastKnownFileType = sourcecode.c.h; path = "Railtime-Prefix.pch"; sourceTree = "<group>"; };
		639A66BC15D334B500F1C9AC /* RAppDelegate.h */ = {isa = PBXFileReference; lastKnownFileType = sourcecode.c.h; path = RAppDelegate.h; sourceTree = "<group>"; };
		639A66BD15D334B500F1C9AC /* RAppDelegate.m */ = {isa = PBXFileReference; lastKnownFileType = sourcecode.c.objc; path = RAppDelegate.m; sourceTree = "<group>"; };
		639A66C015D334B500F1C9AC /* en */ = {isa = PBXFileReference; lastKnownFileType = file.storyboard; name = en; path = en.lproj/MainStoryboard.storyboard; sourceTree = "<group>"; };
		639A66C215D334B500F1C9AC /* RViewController.h */ = {isa = PBXFileReference; lastKnownFileType = sourcecode.c.h; path = RViewController.h; sourceTree = "<group>"; };
		639A66C315D334B500F1C9AC /* RViewController.m */ = {isa = PBXFileReference; lastKnownFileType = sourcecode.c.objc; path = RViewController.m; sourceTree = "<group>"; };
		63BEE1CC15D37F7E008AAF7C /* TrainData.h */ = {isa = PBXFileReference; fileEncoding = 4; lastKnownFileType = sourcecode.c.h; path = TrainData.h; sourceTree = "<group>"; };
		63BEE1CD15D37F7E008AAF7C /* TrainData.m */ = {isa = PBXFileReference; fileEncoding = 4; lastKnownFileType = sourcecode.c.objc; path = TrainData.m; sourceTree = "<group>"; };
		63BEE1F615D45784008AAF7C /* en */ = {isa = PBXFileReference; lastKnownFileType = text.plist.strings; name = en; path = InfoPlist.strings; sourceTree = "<group>"; };
		63BEE1F815D45784008AAF7C /* en */ = {isa = PBXFileReference; lastKnownFileType = file.storyboard; name = en; path = MainStoryboard.storyboard; sourceTree = "<group>"; };
		63BEE1F915D45784008AAF7C /* ScheduleManager.h */ = {isa = PBXFileReference; fileEncoding = 4; lastKnownFileType = sourcecode.c.h; path = ScheduleManager.h; sourceTree = "<group>"; };
		63BEE1FC15D45791008AAF7C /* ScheduleManager.m */ = {isa = PBXFileReference; fileEncoding = 4; lastKnownFileType = sourcecode.c.objc; name = ScheduleManager.m; path = Railtime/ScheduleManager.m; sourceTree = SOURCE_ROOT; };
		63BEE20015D4BF11008AAF7C /* SystemManager.h */ = {isa = PBXFileReference; fileEncoding = 4; lastKnownFileType = sourcecode.c.h; path = SystemManager.h; sourceTree = "<group>"; };
		63BEE20115D4BF11008AAF7C /* SystemManager.m */ = {isa = PBXFileReference; fileEncoding = 4; lastKnownFileType = sourcecode.c.objc; path = SystemManager.m; sourceTree = "<group>"; };
		63EEB8B015DCC222008EC548 /* Default.png */ = {isa = PBXFileReference; lastKnownFileType = image.png; path = Default.png; sourceTree = "<group>"; };
		63EEB8B115DCC222008EC548 /* Default@2x.png */ = {isa = PBXFileReference; lastKnownFileType = image.png; path = "Default@2x.png"; sourceTree = "<group>"; };
/* End PBXFileReference section */

/* Begin PBXFrameworksBuildPhase section */
		639A66A615D334B500F1C9AC /* Frameworks */ = {
			isa = PBXFrameworksBuildPhase;
			buildActionMask = 2147483647;
			files = (
				639A66AE15D334B500F1C9AC /* UIKit.framework in Frameworks */,
				639A66B015D334B500F1C9AC /* Foundation.framework in Frameworks */,
				639A66B215D334B500F1C9AC /* CoreGraphics.framework in Frameworks */,
			);
			runOnlyForDeploymentPostprocessing = 0;
		};
/* End PBXFrameworksBuildPhase section */

/* Begin PBXGroup section */
		639A669E15D334B500F1C9AC = {
			isa = PBXGroup;
			children = (
				63BEE1F415D45784008AAF7C /* en.lproj */,
				639A66B315D334B500F1C9AC /* Railtime */,
				639A66AC15D334B500F1C9AC /* Frameworks */,
				639A66AA15D334B500F1C9AC /* Products */,
			);
			sourceTree = "<group>";
		};
		639A66AA15D334B500F1C9AC /* Products */ = {
			isa = PBXGroup;
			children = (
				639A66A915D334B500F1C9AC /* Railtime.app */,
			);
			name = Products;
			sourceTree = "<group>";
		};
		639A66AC15D334B500F1C9AC /* Frameworks */ = {
			isa = PBXGroup;
			children = (
				639A66AD15D334B500F1C9AC /* UIKit.framework */,
				639A66AF15D334B500F1C9AC /* Foundation.framework */,
				639A66B115D334B500F1C9AC /* CoreGraphics.framework */,
			);
			name = Frameworks;
			sourceTree = "<group>";
		};
		639A66B315D334B500F1C9AC /* Railtime */ = {
			isa = PBXGroup;
			children = (
				63EEB8AE15DCC20F008EC548 /* Media */,
				63BEE20015D4BF11008AAF7C /* SystemManager.h */,
				63BEE20115D4BF11008AAF7C /* SystemManager.m */,
				63BEE1F915D45784008AAF7C /* ScheduleManager.h */,
				63BEE1FC15D45791008AAF7C /* ScheduleManager.m */,
				639A66BC15D334B500F1C9AC /* RAppDelegate.h */,
				639A66BD15D334B500F1C9AC /* RAppDelegate.m */,
				639A66BF15D334B500F1C9AC /* MainStoryboard.storyboard */,
				639A66C215D334B500F1C9AC /* RViewController.h */,
				639A66C315D334B500F1C9AC /* RViewController.m */,
				639A66B415D334B500F1C9AC /* Supporting Files */,
				63BEE1CC15D37F7E008AAF7C /* TrainData.h */,
				63BEE1CD15D37F7E008AAF7C /* TrainData.m */,
				636A4F8115DB3ED00009B138 /* Constants.h */,
				636A4F8215DB3ED00009B138 /* Constants.m */,
			);
			path = Railtime;
			sourceTree = "<group>";
		};
		639A66B415D334B500F1C9AC /* Supporting Files */ = {
			isa = PBXGroup;
			children = (
				639A66B515D334B500F1C9AC /* Railtime-Info.plist */,
				639A66B615D334B500F1C9AC /* InfoPlist.strings */,
				639A66B915D334B500F1C9AC /* main.m */,
				639A66BB15D334B500F1C9AC /* Railtime-Prefix.pch */,
			);
			name = "Supporting Files";
			sourceTree = "<group>";
		};
		63BEE1F415D45784008AAF7C /* en.lproj */ = {
			isa = PBXGroup;
			children = (
				63BEE1F715D45784008AAF7C /* MainStoryboard.storyboard */,
				63BEE1F515D45784008AAF7C /* InfoPlist.strings */,
			);
			name = en.lproj;
			path = Railtime/en.lproj;
			sourceTree = "<group>";
		};
		63EEB8AE15DCC20F008EC548 /* Media */ = {
			isa = PBXGroup;
			children = (
				63EEB8B015DCC222008EC548 /* Default.png */,
				63EEB8B115DCC222008EC548 /* Default@2x.png */,
			);
			name = Media;
			sourceTree = "<group>";
		};
/* End PBXGroup section */

/* Begin PBXNativeTarget section */
		639A66A815D334B500F1C9AC /* Railtime */ = {
			isa = PBXNativeTarget;
			buildConfigurationList = 639A66C715D334B500F1C9AC /* Build configuration list for PBXNativeTarget "Railtime" */;
			buildPhases = (
				639A66A515D334B500F1C9AC /* Sources */,
				639A66A615D334B500F1C9AC /* Frameworks */,
				639A66A715D334B500F1C9AC /* Resources */,
			);
			buildRules = (
			);
			dependencies = (
			);
			name = Railtime;
			productName = Railtime;
			productReference = 639A66A915D334B500F1C9AC /* Railtime.app */;
			productType = "com.apple.product-type.application";
		};
/* End PBXNativeTarget section */

/* Begin PBXProject section */
		639A66A015D334B500F1C9AC /* Project object */ = {
			isa = PBXProject;
			attributes = {
				CLASSPREFIX = R;
				LastUpgradeCheck = 0440;
				ORGANIZATIONNAME = Steeleforge;
			};
			buildConfigurationList = 639A66A315D334B500F1C9AC /* Build configuration list for PBXProject "Railtime" */;
			compatibilityVersion = "Xcode 3.2";
			developmentRegion = English;
			hasScannedForEncodings = 0;
			knownRegions = (
				en,
			);
			mainGroup = 639A669E15D334B500F1C9AC;
			productRefGroup = 639A66AA15D334B500F1C9AC /* Products */;
			projectDirPath = "";
			projectRoot = "";
			targets = (
				639A66A815D334B500F1C9AC /* Railtime */,
			);
		};
/* End PBXProject section */

/* Begin PBXResourcesBuildPhase section */
		639A66A715D334B500F1C9AC /* Resources */ = {
			isa = PBXResourcesBuildPhase;
			buildActionMask = 2147483647;
			files = (
				639A66B815D334B500F1C9AC /* InfoPlist.strings in Resources */,
				639A66C115D334B500F1C9AC /* MainStoryboard.storyboard in Resources */,
				63BEE1FA15D45784008AAF7C /* InfoPlist.strings in Resources */,
				63BEE1FB15D45784008AAF7C /* MainStoryboard.storyboard in Resources */,
				63EEB8B215DCC222008EC548 /* Default.png in Resources */,
				63EEB8B315DCC222008EC548 /* Default@2x.png in Resources */,
			);
			runOnlyForDeploymentPostprocessing = 0;
		};
/* End PBXResourcesBuildPhase section */

/* Begin PBXSourcesBuildPhase section */
		639A66A515D334B500F1C9AC /* Sources */ = {
			isa = PBXSourcesBuildPhase;
			buildActionMask = 2147483647;
			files = (
				639A66BA15D334B500F1C9AC /* main.m in Sources */,
				639A66BE15D334B500F1C9AC /* RAppDelegate.m in Sources */,
				639A66C415D334B500F1C9AC /* RViewController.m in Sources */,
				63BEE1CE15D37F7E008AAF7C /* TrainData.m in Sources */,
				63BEE1FD15D45791008AAF7C /* ScheduleManager.m in Sources */,
				63BEE20215D4BF11008AAF7C /* SystemManager.m in Sources */,
				636A4F8315DB3ED00009B138 /* Constants.m in Sources */,
			);
			runOnlyForDeploymentPostprocessing = 0;
		};
/* End PBXSourcesBuildPhase section */

/* Begin PBXVariantGroup section */
		639A66B615D334B500F1C9AC /* InfoPlist.strings */ = {
			isa = PBXVariantGroup;
			children = (
				639A66B715D334B500F1C9AC /* en */,
			);
			name = InfoPlist.strings;
			sourceTree = "<group>";
		};
		639A66BF15D334B500F1C9AC /* MainStoryboard.storyboard */ = {
			isa = PBXVariantGroup;
			children = (
				639A66C015D334B500F1C9AC /* en */,
			);
			name = MainStoryboard.storyboard;
			sourceTree = "<group>";
		};
		63BEE1F515D45784008AAF7C /* InfoPlist.strings */ = {
			isa = PBXVariantGroup;
			children = (
				63BEE1F615D45784008AAF7C /* en */,
			);
			name = InfoPlist.strings;
			sourceTree = "<group>";
		};
		63BEE1F715D45784008AAF7C /* MainStoryboard.storyboard */ = {
			isa = PBXVariantGroup;
			children = (
				63BEE1F815D45784008AAF7C /* en */,
			);
			name = MainStoryboard.storyboard;
			sourceTree = "<group>";
		};
/* End PBXVariantGroup section */

/* Begin XCBuildConfiguration section */
		639A66C515D334B500F1C9AC /* Debug */ = {
			isa = XCBuildConfiguration;
			buildSettings = {
				ALWAYS_SEARCH_USER_PATHS = NO;
				ARCHS = "$(ARCHS_STANDARD_32_BIT)";
				CLANG_CXX_LANGUAGE_STANDARD = "gnu++0x";
				CLANG_ENABLE_OBJC_ARC = YES;
				CLANG_WARN__DUPLICATE_METHOD_MATCH = YES;
				"CODE_SIGN_IDENTITY[sdk=iphoneos*]" = "iPhone Developer";
				COPY_PHASE_STRIP = NO;
				GCC_C_LANGUAGE_STANDARD = gnu99;
				GCC_DYNAMIC_NO_PIC = NO;
				GCC_OPTIMIZATION_LEVEL = 0;
				GCC_PREPROCESSOR_DEFINITIONS = (
					"DEBUG=1",
					"$(inherited)",
				);
				GCC_SYMBOLS_PRIVATE_EXTERN = NO;
				GCC_VERSION = com.apple.compilers.llvm.clang.1_0;
				GCC_WARN_ABOUT_RETURN_TYPE = YES;
				GCC_WARN_UNINITIALIZED_AUTOS = YES;
				GCC_WARN_UNUSED_VARIABLE = YES;
				IPHONEOS_DEPLOYMENT_TARGET = 5.1;
				SDKROOT = iphoneos;
			};
			name = Debug;
		};
		639A66C615D334B500F1C9AC /* Release */ = {
			isa = XCBuildConfiguration;
			buildSettings = {
				ALWAYS_SEARCH_USER_PATHS = NO;
				ARCHS = "$(ARCHS_STANDARD_32_BIT)";
				CLANG_CXX_LANGUAGE_STANDARD = "gnu++0x";
				CLANG_ENABLE_OBJC_ARC = YES;
				CLANG_WARN__DUPLICATE_METHOD_MATCH = YES;
				"CODE_SIGN_IDENTITY[sdk=iphoneos*]" = "iPhone Developer";
				COPY_PHASE_STRIP = YES;
				GCC_C_LANGUAGE_STANDARD = gnu99;
				GCC_VERSION = com.apple.compilers.llvm.clang.1_0;
				GCC_WARN_ABOUT_RETURN_TYPE = YES;
				GCC_WARN_UNINITIALIZED_AUTOS = YES;
				GCC_WARN_UNUSED_VARIABLE = YES;
				IPHONEOS_DEPLOYMENT_TARGET = 5.1;
				OTHER_CFLAGS = "-DNS_BLOCK_ASSERTIONS=1";
				SDKROOT = iphoneos;
				VALIDATE_PRODUCT = YES;
			};
			name = Release;
		};
		639A66C815D334B500F1C9AC /* Debug */ = {
			isa = XCBuildConfiguration;
			buildSettings = {
				GCC_PRECOMPILE_PREFIX_HEADER = YES;
				GCC_PREFIX_HEADER = "Railtime/Railtime-Prefix.pch";
				INFOPLIST_FILE = "Railtime/Railtime-Info.plist";
				PRODUCT_NAME = "$(TARGET_NAME)";
				WRAPPER_EXTENSION = app;
			};
			name = Debug;
		};
		639A66C915D334B500F1C9AC /* Release */ = {
			isa = XCBuildConfiguration;
			buildSettings = {
				GCC_PRECOMPILE_PREFIX_HEADER = YES;
				GCC_PREFIX_HEADER = "Railtime/Railtime-Prefix.pch";
				INFOPLIST_FILE = "Railtime/Railtime-Info.plist";
				PRODUCT_NAME = "$(TARGET_NAME)";
				WRAPPER_EXTENSION = app;
			};
			name = Release;
		};
/* End XCBuildConfiguration section */

/* Begin XCConfigurationList section */
		639A66A315D334B500F1C9AC /* Build configuration list for PBXProject "Railtime" */ = {
			isa = XCConfigurationList;
			buildConfigurations = (
				639A66C515D334B500F1C9AC /* Debug */,
				639A66C615D334B500F1C9AC /* Release */,
			);
			defaultConfigurationIsVisible = 0;
			defaultConfigurationName = Release;
		};
		639A66C715D334B500F1C9AC /* Build configuration list for PBXNativeTarget "Railtime" */ = {
			isa = XCConfigurationList;
			buildConfigurations = (
				639A66C815D334B500F1C9AC /* Debug */,
				639A66C915D334B500F1C9AC /* Release */,
			);
			defaultConfigurationIsVisible = 0;
			defaultConfigurationName = Release;
		};
/* End XCConfigurationList section */
	};
	rootObject = 639A66A015D334B500F1C9AC /* Project object */;
}
